github.com/Workiva/go-datastructures v1.0.44 h1:zNyQ5b0vc5aqzudAxCD2HFeNNpZLKCQCqP/D4HA54GA=
github.com/Workiva/go-datastructures v1.0.44/go.mod h1:Z+F2Rca0qCsVYDS8z7bAGm8f3UkzuWYS/oBZz5a7VVA=
github.com/bitly/go-simplejson v0.5.0 h1:6IH+V8/tVMab511d5bn4M7EwGXZf9Hj6i2xSwkNEM+Y=
github.com/bitly/go-simplejson v0.5.0/go.mod h1:cXHtHw4XUPsvGaxgjIAn8PhEWG9NfngEKAMDJEczWVA=
github.com/bmizerany/assert v0.0.0-20160611221934-b7ed37b82869 h1:DDGfHa7BWjL4YnC6+E63dPcxHo2sUxDIu8g3QgEJdRY=
github.com/bmizerany/assert v0.0.0-20160611221934-b7ed37b82869/go.mod h1:Ekp36dRnpXw/yCqJaO+ZrUyxD+3VXMFFr56k5XYrpB4=
github.com/cheekybits/genny v0.0.0-20170328200008-9127e812e1e9 h1:a1zrFsLFac2xoM6zG1u72DWJwZG3ayttYLfmLbxVETk=
github.com/cheekybits/genny v0.0.0-20170328200008-9127e812e1e9/go.mod h1:+tQajlRqAUrPI7DOSpB0XAqZYtQakVtB7wXkRAgjxjQ=
github.com/clbanning/mxj v1.6.1 h1:o+OW3m8R6L1hsUHBKGNmYChs8GDIFSPFtmeXT7fKW5c=
github.com/clbanning/mxj v1.6.1/go.mod h1:BVjHeAH+rl9rs6f+QIpeRl0tfu10SXn1pUSa5PVGJng=
github.com/emirpasic/gods v1.9.0 h1:rUF4PuzEjMChMiNsVjdI+SyLu7rEqpQ5reNFnhC7oFo=
github.com/emirpasic/gods v1.9.0/go.mod h1:YfzfFFoVP/catgzJb4IKIqXjX78Ha8FMSDh3ymbK86o=
github.com/gonuts/dl v0.0.0-20160302100715-9a2e942d3477 h1:VTyUIe+mjc/gOrrVRYHPZaXGjngvsLbQZMNfqneqFFM=
github.com/gonuts/dl v0.0.0-20160302100715-9a2e942d3477/go.mod h1:sJFtK/zMj1tykTU2ImO2VL+7JGn4U7gTiFHt7rYJD+g=
github.com/huandu/xstrings v1.0.0 h1:pO2K/gKgKaat5LdpAhxhluX2GPQMaI3W5FUz/I/UnWk=
github.com/huandu/xstrings v1.0.0/go.mod h1:4qWG/gcEcfX4z/mBDHJ++3ReCw9ibxbsNJbcucJdbSo=
github.com/ianlancetaylor/demangle v0.0.0-20200824232613-28f6c0f3b639 h1:mV02weKRL81bEnm8A0HT1/CAelMQDBuQIfLw8n+d6xI=
github.com/ianlancetaylor/demangle v0.0.0-20200824232613-28f6c0f3b639/go.mod h1:aSSvb/t6k1mPoxDqO4vJh6VOCGPwU4O0C2/Eqndh1Sc=
github.com/kitech/dl v0.0.0-20160302100715-9a2e942d3477 h1:d9LQ8IKrFCZFdEPo+FFQhpNnJCZyjvCrSQDbDfTs0YE=
github.com/kitech/dl v0.0.0-20160302100715-9a2e942d3477/go.mod h1:rs/ASGqdrczQbnYVcZ+x5fk+EHouoBevEXKRqGDm8VI=
github.com/kitech/dl v0.0.0-20201213035930-57687ffb7a48 h1:3+Ty0WfnrhF2Cghcec9h+CvusOeU5+OiPtlsoL3opBQ=
github.com/kitech/dl v0.0.0-20201213035930-57687ffb7a48/go.mod h1:rs/ASGqdrczQbnYVcZ+x5fk+EHouoBevEXKRqGDm8VI=
github.com/kitech/goplusplus v0.0.0-20171220130708-3b7427a37be0 h1:EU69So/2tjEcAWABWuR21TiF0uy1mzIC7FX8d2NlyxU=
github.com/kitech/goplusplus v0.0.0-20171220130708-3b7427a37be0/go.mod h1:cfrzDxXb+5ibsp0Q4G5LDpNs2BC6k7C4MGtflz2cdsQ=
github.com/kr/pretty v0.1.0 h1:L/CwN0zerZDmRFUapSPitk6f+Q3+0za1rQkzVuMiMFI=
github.com/kr/pretty v0.1.0/go.mod h1:dAy3ld7l9f0ibDNOQOHHMYYIIbhfbHSm3C4ZsoJORNo=
github.com/kr/pty v1.1.1/go.mod h1:pFQYn66WHrOpPYNljwOMqo10TkYh1fy3cYio2l3bCsQ=
github.com/kr/text v0.1.0 h1:45sCR5RtlFHMR4UwH9sdQ5TC8v0qDQCHnXt+kaKSTVE=
github.com/kr/text v0.1.0/go.mod h1:4Jbv+DJW3UT/LiOwJeYQe1efqtUx/iVham/4vfdArNI=
github.com/lytics/base62 v0.0.0-20180122174218-827c93e361de h1:v0KBDL0GqCo8pbzdXZkS93v61/KzwIAKgEXhYsjbKj4=
github.com/lytics/base62 v0.0.0-20180122174218-827c93e361de/go.mod h1:nFZ1y9JiUDciefRL0X6OTobqQGgFCR+lbnn1lWsoQk0=
github.com/petermattis/goid v0.0.0-20180202154549-b0b1615b78e5 h1:q2e307iGHPdTGp0hoxKjt1H5pDo6utceo3dQVK3I5XQ=
github.com/petermattis/goid v0.0.0-20180202154549-b0b1615b78e5/go.mod h1:jvVRKCrJTQWu0XVbaOlby/2lO20uSCHEMzzplHXte1o=
github.com/pkg/errors v0.8.0 h1:WdK/asTD0HN+q6hsWO3/vpuAkAr+tw6aNJNDFFf0+qw=
github.com/pkg/errors v0.8.0/go.mod h1:bwawxfHBFNV+L2hUp1rHADufV3IMtnDRdf1r5NINEl0=
github.com/sasha-s/go-deadlock v0.2.0 h1:lMqc+fUb7RrFS3gQLtoQsJ7/6TV/pAIFvBsqX73DK8Y=
github.com/sasha-s/go-deadlock v0.2.0/go.mod h1:StQn567HiB1fF2yJ44N9au7wOhrPS3iZqiDbRupzT10=
github.com/thoas/go-funk v0.0.0-20170604141201-14304e8530de h1:e96987R6uGe5Rr9oAjSwm27e6tRObx8wON4uJUhK6Uk=
github.com/thoas/go-funk v0.0.0-20170604141201-14304e8530de/go.mod h1:mlR+dHGb+4YgXkf13rkQTuzrneeHANxOm6+ZnEV9HsA=
