# This file is autogenerated, do not edit; changes may be undone by the next 'dep ensure'.


[[projects]]
  name = "github.com/Workiva/go-datastructures"
  packages = ["queue"]
  revision = "900cfe0fd2681ca34fa97071e8fcf4f623679104"
  version = "v1.0.44"

[[projects]]
  name = "github.com/bitly/go-simplejson"
  packages = ["."]
  revision = "aabad6e819789e569bd6aabf444c935aa9ba1e44"
  version = "v0.5.0"

[[projects]]
  branch = "master"
  name = "github.com/cheekybits/genny"
  packages = ["generic"]
  revision = "9127e812e1e9e501ce899a18121d316ecb52e4ba"

[[projects]]
  name = "github.com/clbanning/mxj"
  packages = ["."]
  revision = "1cda74d18ebbb04f525b355309c16d594e1f8f77"
  version = "v1.6.1"

[[projects]]
  name = "github.com/emirpasic/gods"
  packages = [
    "containers",
    "lists",
    "lists/arraylist",
    "sets",
    "sets/hashset",
    "utils"
  ]
  revision = "f6c17b524822278a87e3b3bd809fec33b51f5b46"
  version = "v1.9.0"

[[projects]]
  branch = "master"
  name = "github.com/gonuts/dl"
  packages = ["."]
  revision = "9a2e942d34774fa26b997e62c671c325240cfe68"

[[projects]]
  branch = "master"
  name = "github.com/huandu/xstrings"
  packages = ["."]
  revision = "2bf18b218c51864a87384c06996e40ff9dcff8e1"

[[projects]]
  branch = "master"
  name = "github.com/kitech/goplusplus"
  packages = ["."]
  revision = "3b7427a37be09e6b0cb91c018a2ff61685a1034b"

[[projects]]
  branch = "master"
  name = "github.com/lytics/base62"
  packages = ["."]
  revision = "827c93e361dee420018844675180331170dda747"

[[projects]]
  name = "github.com/pkg/errors"
  packages = ["."]
  revision = "645ef00459ed84a119197bfb8d8205042c6df63d"
  version = "v0.8.0"

[[projects]]
  name = "github.com/thoas/go-funk"
  packages = ["."]
  revision = "14304e8530de7dbb909c8305591b3a8370dd9dbb"
  version = "0.2"

[solve-meta]
  analyzer-name = "dep"
  analyzer-version = 1
  inputs-digest = "5422943f29b1b476ba4c9013c6f28ce05f67edbecaed4067f06555ce10d6fc97"
  solver-name = "gps-cdcl"
  solver-version = 1
